
Microsoft Visual Studio Solution File, Format Version 12.00
# Visual Studio Version 17
VisualStudioVersion = 17.3.32804.467
MinimumVisualStudioVersion = 10.0.40219.1
Project("{2150E333-8FDC-42A3-9474-1A3956D46DE8}") = "src", "src", "{B2E4FF07-A0B1-40D5-A4E5-E1F778290C24}"
EndProject
Project("{2150E333-8FDC-42A3-9474-1A3956D46DE8}") = "Solution Items", "Solution Items", "{5A26CA6D-64DF-4A0F-9FE2-D6BE96AB3F38}"
	ProjectSection(SolutionItems) = preProject
		.editorconfig = .editorconfig
		README.md = README.md
	EndProjectSection
EndProject
Project("{FAE04EC0-301F-11D3-BF4B-00C04F79EFBC}") = "Nlog.RabbitMQ.Target", "src\Nlog.RabbitMQ.Target\Nlog.RabbitMQ.Target.csproj", "{F19ED52D-06EE-4C1F-BE6C-060D891CCCF0}"
EndProject
Project("{FAE04EC0-301F-11D3-BF4B-00C04F79EFBC}") = "Nlog.RabbitMQ.Target.Tests", "tests\Nlog.RabbitMQ.Target.Tests\Nlog.RabbitMQ.Target.Tests.csproj", "{36A98B2A-610E-4034-8F16-2BC4A4768E65}"
EndProject
Project("{2150E333-8FDC-42A3-9474-1A3956D46DE8}") = ".github", ".github", "{12266784-3C6A-4598-B593-8F84C4BCC0D2}"
	ProjectSection(SolutionItems) = preProject
		.github\workflows\build.yml = .github\workflows\build.yml
		.github\workflows\bump.yml = .github\workflows\bump.yml
		.github\workflows\publish.yml = .github\workflows\publish.yml
	EndProjectSection
EndProject
Project("{FAE04EC0-301F-11D3-BF4B-00C04F79EFBC}") = "Nlog.RabbitMQ.Sample", "src\Nlog.RabbitMQ.Sample\Nlog.RabbitMQ.Sample.csproj", "{6CD9BEEC-158D-4CFE-B24F-A3E328782777}"
EndProject
Project("{2150E333-8FDC-42A3-9474-1A3956D46DE8}") = "tests", "tests", "{02EA681E-C7D8-13C7-8484-4AC65E1B71E8}"
EndProject
Project("{FAE04EC0-301F-11D3-BF4B-00C04F79EFBC}") = "Nlog.RabbitMQ.WebSample", "src\Nlog.RabbitMQ.WebSample\Nlog.RabbitMQ.WebSample.csproj", "{7E369F8C-967F-4B9B-AF00-A9C486748272}"
EndProject
Global
	GlobalSection(SolutionConfigurationPlatforms) = preSolution
		Debug|Any CPU = Debug|Any CPU
		Release|Any CPU = Release|Any CPU
	EndGlobalSection
	GlobalSection(ProjectConfigurationPlatforms) = postSolution
		{F19ED52D-06EE-4C1F-BE6C-060D891CCCF0}.Debug|Any CPU.ActiveCfg = Debug|Any CPU
		{F19ED52D-06EE-4C1F-BE6C-060D891CCCF0}.Debug|Any CPU.Build.0 = Debug|Any CPU
		{F19ED52D-06EE-4C1F-BE6C-060D891CCCF0}.Release|Any CPU.ActiveCfg = Release|Any CPU
		{F19ED52D-06EE-4C1F-BE6C-060D891CCCF0}.Release|Any CPU.Build.0 = Release|Any CPU
		{36A98B2A-610E-4034-8F16-2BC4A4768E65}.Debug|Any CPU.ActiveCfg = Debug|Any CPU
		{36A98B2A-610E-4034-8F16-2BC4A4768E65}.Debug|Any CPU.Build.0 = Debug|Any CPU
		{36A98B2A-610E-4034-8F16-2BC4A4768E65}.Release|Any CPU.ActiveCfg = Release|Any CPU
		{36A98B2A-610E-4034-8F16-2BC4A4768E65}.Release|Any CPU.Build.0 = Release|Any CPU
		{6CD9BEEC-158D-4CFE-B24F-A3E328782777}.Debug|Any CPU.ActiveCfg = Debug|Any CPU
		{6CD9BEEC-158D-4CFE-B24F-A3E328782777}.Debug|Any CPU.Build.0 = Debug|Any CPU
		{6CD9BEEC-158D-4CFE-B24F-A3E328782777}.Release|Any CPU.ActiveCfg = Release|Any CPU
		{6CD9BEEC-158D-4CFE-B24F-A3E328782777}.Release|Any CPU.Build.0 = Release|Any CPU
		{7E369F8C-967F-4B9B-AF00-A9C486748272}.Debug|Any CPU.ActiveCfg = Debug|Any CPU
		{7E369F8C-967F-4B9B-AF00-A9C486748272}.Debug|Any CPU.Build.0 = Debug|Any CPU
		{7E369F8C-967F-4B9B-AF00-A9C486748272}.Release|Any CPU.ActiveCfg = Release|Any CPU
		{7E369F8C-967F-4B9B-AF00-A9C486748272}.Release|Any CPU.Build.0 = Release|Any CPU
	EndGlobalSection
	GlobalSection(SolutionProperties) = preSolution
		HideSolutionNode = FALSE
	EndGlobalSection
	GlobalSection(NestedProjects) = preSolution
		{F19ED52D-06EE-4C1F-BE6C-060D891CCCF0} = {B2E4FF07-A0B1-40D5-A4E5-E1F778290C24}
		{36A98B2A-610E-4034-8F16-2BC4A4768E65} = {02EA681E-C7D8-13C7-8484-4AC65E1B71E8}
		{12266784-3C6A-4598-B593-8F84C4BCC0D2} = {5A26CA6D-64DF-4A0F-9FE2-D6BE96AB3F38}
		{6CD9BEEC-158D-4CFE-B24F-A3E328782777} = {B2E4FF07-A0B1-40D5-A4E5-E1F778290C24}
		{7E369F8C-967F-4B9B-AF00-A9C486748272} = {B2E4FF07-A0B1-40D5-A4E5-E1F778290C24}
	EndGlobalSection
	GlobalSection(ExtensibilityGlobals) = postSolution
		SolutionGuid = {3D5741F5-9CEB-45E5-BD45-996AB1930EB7}
	EndGlobalSection
EndGlobal
